Microsoft Visual Studio Solution File, Format Version 12.00
# Visual Studio Version 17
VisualStudioVersion = 17.5.2.0
MinimumVisualStudioVersion = 10.0.40219.1
Project("{FAE04EC0-301F-11D3-BF4B-00C04F79EFBC}") = "00-common-csharp", "00-common-csharp.csproj", "{5159CE60-D910-FD55-FD66-8D4B06D143E9}"
EndProject
Global
	GlobalSection(SolutionConfigurationPlatforms) = preSolution
		Debug|Any CPU = Debug|Any CPU
		Release|Any CPU = Release|Any CPU
	EndGlobalSection
	GlobalSection(ProjectConfigurationPlatforms) = postSolution
		{5159CE60-D910-FD55-FD66-8D4B06D143E9}.Debug|Any CPU.ActiveCfg = Debug|Any CPU
		{5159CE60-D910-FD55-FD66-8D4B06D143E9}.Debug|Any CPU.Build.0 = Debug|Any CPU
		{5159CE60-D910-FD55-FD66-8D4B06D143E9}.Release|Any CPU.ActiveCfg = Release|Any CPU
		{5159CE60-D910-FD55-FD66-8D4B06D143E9}.Release|Any CPU.Build.0 = Release|Any CPU
	EndGlobalSection
	GlobalSection(SolutionProperties) = preSolution
		HideSolutionNode = FALSE
	EndGlobalSection
	GlobalSection(ExtensibilityGlobals) = postSolution
		SolutionGuid = {FC54FE9C-1947-41DD-909B-F3877A0B0413}
	EndGlobalSection
EndGlobal
